
Microsoft Visual Studio Solution File, Format Version 12.00
# Visual Studio Version 17
VisualStudioVersion = 17.10.35013.160
MinimumVisualStudioVersion = 10.0.40219.1
Project("{FAE04EC0-301F-11D3-BF4B-00C04F79EFBC}") = "UsersCrudWithCShard_MVC", "UsersCrudWithCShard_MVC\UsersCrudWithCShard_MVC.csproj", "{1756B96B-502B-4E25-AAD4-14840A1DF8E8}"
EndProject
Global
	GlobalSection(SolutionConfigurationPlatforms) = preSolution
		Debug|Any CPU = Debug|Any CPU
		Release|Any CPU = Release|Any CPU
	EndGlobalSection
	GlobalSection(ProjectConfigurationPlatforms) = postSolution
		{1756B96B-502B-4E25-AAD4-14840A1DF8E8}.Debug|Any CPU.ActiveCfg = Debug|Any CPU
		{1756B96B-502B-4E25-AAD4-14840A1DF8E8}.Debug|Any CPU.Build.0 = Debug|Any CPU
		{1756B96B-502B-4E25-AAD4-14840A1DF8E8}.Release|Any CPU.ActiveCfg = Release|Any CPU
		{1756B96B-502B-4E25-AAD4-14840A1DF8E8}.Release|Any CPU.Build.0 = Release|Any CPU
	EndGlobalSection
	GlobalSection(SolutionProperties) = preSolution
		HideSolutionNode = FALSE
	EndGlobalSection
	GlobalSection(ExtensibilityGlobals) = postSolution
		SolutionGuid = {8F672D3C-FD37-4C75-8A17-2A1FF757ECF7}
	EndGlobalSection
EndGlobal
